
Microsoft Visual Studio Solution File, Format Version 12.00
# Visual Studio Version 17
VisualStudioVersion = 17.1.32228.430
MinimumVisualStudioVersion = 10.0.40219.1
Project("{FAE04EC0-301F-11D3-BF4B-00C04F79EFBC}") = "GUI", "GUI\GUI.csproj", "{850FDC98-487F-4B67-8B56-6628281CCB23}"
EndProject
Project("{FAE04EC0-301F-11D3-BF4B-00C04F79EFBC}") = "BLL", "BLL\BLL.csproj", "{3A436ED1-2E03-461C-84A5-82F523C1518C}"
EndProject
Project("{FAE04EC0-301F-11D3-BF4B-00C04F79EFBC}") = "DTO", "DTO\DTO.csproj", "{08561E6E-D95A-49FD-9C5F-4855F8332F7B}"
EndProject
Project("{FAE04EC0-301F-11D3-BF4B-00C04F79EFBC}") = "CustomControl", "CustomControl\CustomControl.csproj", "{C68ECFAB-364D-4F77-BFEB-B939C99C4D5D}"
EndProject
Global
	GlobalSection(SolutionConfigurationPlatforms) = preSolution
		Debug|Any CPU = Debug|Any CPU
		Release|Any CPU = Release|Any CPU
	EndGlobalSection
	GlobalSection(ProjectConfigurationPlatforms) = postSolution
		{850FDC98-487F-4B67-8B56-6628281CCB23}.Debug|Any CPU.ActiveCfg = Debug|Any CPU
		{850FDC98-487F-4B67-8B56-6628281CCB23}.Debug|Any CPU.Build.0 = Debug|Any CPU
		{850FDC98-487F-4B67-8B56-6628281CCB23}.Release|Any CPU.ActiveCfg = Release|Any CPU
		{850FDC98-487F-4B67-8B56-6628281CCB23}.Release|Any CPU.Build.0 = Release|Any CPU
		{3A436ED1-2E03-461C-84A5-82F523C1518C}.Debug|Any CPU.ActiveCfg = Debug|Any CPU
		{3A436ED1-2E03-461C-84A5-82F523C1518C}.Debug|Any CPU.Build.0 = Debug|Any CPU
		{3A436ED1-2E03-461C-84A5-82F523C1518C}.Release|Any CPU.ActiveCfg = Release|Any CPU
		{3A436ED1-2E03-461C-84A5-82F523C1518C}.Release|Any CPU.Build.0 = Release|Any CPU
		{08561E6E-D95A-49FD-9C5F-4855F8332F7B}.Debug|Any CPU.ActiveCfg = Debug|Any CPU
		{08561E6E-D95A-49FD-9C5F-4855F8332F7B}.Debug|Any CPU.Build.0 = Debug|Any CPU
		{08561E6E-D95A-49FD-9C5F-4855F8332F7B}.Release|Any CPU.ActiveCfg = Release|Any CPU
		{08561E6E-D95A-49FD-9C5F-4855F8332F7B}.Release|Any CPU.Build.0 = Release|Any CPU
		{C68ECFAB-364D-4F77-BFEB-B939C99C4D5D}.Debug|Any CPU.ActiveCfg = Debug|Any CPU
		{C68ECFAB-364D-4F77-BFEB-B939C99C4D5D}.Debug|Any CPU.Build.0 = Debug|Any CPU
		{C68ECFAB-364D-4F77-BFEB-B939C99C4D5D}.Release|Any CPU.ActiveCfg = Release|Any CPU
		{C68ECFAB-364D-4F77-BFEB-B939C99C4D5D}.Release|Any CPU.Build.0 = Release|Any CPU
	EndGlobalSection
	GlobalSection(SolutionProperties) = preSolution
		HideSolutionNode = FALSE
	EndGlobalSection
	GlobalSection(ExtensibilityGlobals) = postSolution
		SolutionGuid = {83DD6103-1495-4339-9CB7-DE4FF339012F}
	EndGlobalSection
EndGlobal
